github.com/uuosio/chain v0.1.5 h1:RbLWkQv1zmjXSglUlYvl1RCc8tqzOyPHnaGOzbC2wlE=
github.com/uuosio/chain v0.1.5/go.mod h1:Ap98MHUzcpbLkm+fVldVl6UCUBJxZ+yPkat+apJtHMk=
github.com/uuosio/chain v0.1.7 h1:AuC9Ib5QfWs/tkIwUdfl8xz+jWZ+7ZDHsI8crzNh684=
github.com/uuosio/chain v0.1.7/go.mod h1:Ap98MHUzcpbLkm+fVldVl6UCUBJxZ+yPkat+apJtHMk=
github.com/uuosio/chain v0.1.8 h1:/BCUQFTDLmbe3ISC7g1FIyTd5uQJqBitX5Kn6aCCLuw=
github.com/uuosio/chain v0.1.8/go.mod h1:Ap98MHUzcpbLkm+fVldVl6UCUBJxZ+yPkat+apJtHMk=
